// !$*UTF8*$!
{
	archiveVersion = 1;
	classes = {
	};
	objectVersion = 46;
	objects = {

/* Begin PBXBuildFile section */
		F90E9C501AE77AD500103C12 /* main.m in Sources */ = {isa = PBXBuildFile; fileRef = F90E9C4F1AE77AD500103C12 /* main.m */; };
		F90E9C531AE77AD500103C12 /* AppDelegate.m in Sources */ = {isa = PBXBuildFile; fileRef = F90E9C521AE77AD500103C12 /* AppDelegate.m */; };
		F90E9C561AE77AD500103C12 /* ViewController.m in Sources */ = {isa = PBXBuildFile; fileRef = F90E9C551AE77AD500103C12 /* ViewController.m */; };
		F90E9C5B1AE77AD500103C12 /* Images.xcassets in Resources */ = {isa = PBXBuildFile; fileRef = F90E9C5A1AE77AD500103C12 /* Images.xcassets */; };
		F90E9C5E1AE77AD500103C12 /* LaunchScreen.xib in Resources */ = {isa = PBXBuildFile; fileRef = F90E9C5C1AE77AD500103C12 /* LaunchScreen.xib */; };
		F90E9C741AE77B8800103C12 /* KxGridMenu.m in Sources */ = {isa = PBXBuildFile; fileRef = F90E9C321AE77A8C00103C12 /* KxGridMenu.m */; };
/* End PBXBuildFile section */

/* Begin PBXFileReference section */
		F90E9C301AE77A8C00103C12 /* KxGridMenu.h */ = {isa = PBXFileReference; lastKnownFileType = sourcecode.c.h; path = KxGridMenu.h; sourceTree = "<group>"; };
		F90E9C321AE77A8C00103C12 /* KxGridMenu.m */ = {isa = PBXFileReference; lastKnownFileType = sourcecode.c.objc; path = KxGridMenu.m; sourceTree = "<group>"; };
		F90E9C4B1AE77AD500103C12 /* Demo.app */ = {isa = PBXFileReference; explicitFileType = wrapper.application; includeInIndex = 0; path = Demo.app; sourceTree = BUILT_PRODUCTS_DIR; };
		F90E9C4E1AE77AD500103C12 /* Info.plist */ = {isa = PBXFileReference; lastKnownFileType = text.plist.xml; path = Info.plist; sourceTree = "<group>"; };
		F90E9C4F1AE77AD500103C12 /* main.m */ = {isa = PBXFileReference; lastKnownFileType = sourcecode.c.objc; path = main.m; sourceTree = "<group>"; };
		F90E9C511AE77AD500103C12 /* AppDelegate.h */ = {isa = PBXFileReference; lastKnownFileType = sourcecode.c.h; path = AppDelegate.h; sourceTree = "<group>"; };
		F90E9C521AE77AD500103C12 /* AppDelegate.m */ = {isa = PBXFileReference; lastKnownFileType = sourcecode.c.objc; path = AppDelegate.m; sourceTree = "<group>"; };
		F90E9C541AE77AD500103C12 /* ViewController.h */ = {isa = PBXFileReference; lastKnownFileType = sourcecode.c.h; path = ViewController.h; sourceTree = "<group>"; };
		F90E9C551AE77AD500103C12 /* ViewController.m */ = {isa = PBXFileReference; lastKnownFileType = sourcecode.c.objc; path = ViewController.m; sourceTree = "<group>"; };
		F90E9C5A1AE77AD500103C12 /* Images.xcassets */ = {isa = PBXFileReference; lastKnownFileType = folder.assetcatalog; path = Images.xcassets; sourceTree = "<group>"; };
		F90E9C5D1AE77AD500103C12 /* Base */ = {isa = PBXFileReference; lastKnownFileType = file.xib; name = Base; path = Base.lproj/LaunchScreen.xib; sourceTree = "<group>"; };
/* End PBXFileReference section */

/* Begin PBXFrameworksBuildPhase section */
		F90E9C481AE77AD500103C12 /* Frameworks */ = {
			isa = PBXFrameworksBuildPhase;
			buildActionMask = 2147483647;
			files = (
			);
			runOnlyForDeploymentPostprocessing = 0;
		};
/* End PBXFrameworksBuildPhase section */

/* Begin PBXGroup section */
		F90E9C241AE77A8C00103C12 = {
			isa = PBXGroup;
			children = (
				F90E9C2F1AE77A8C00103C12 /* KxGridMenu */,
				F90E9C4C1AE77AD500103C12 /* Demo */,
				F90E9C2E1AE77A8C00103C12 /* Products */,
			);
			sourceTree = "<group>";
		};
		F90E9C2E1AE77A8C00103C12 /* Products */ = {
			isa = PBXGroup;
			children = (
				F90E9C4B1AE77AD500103C12 /* Demo.app */,
			);
			name = Products;
			sourceTree = "<group>";
		};
		F90E9C2F1AE77A8C00103C12 /* KxGridMenu */ = {
			isa = PBXGroup;
			children = (
				F90E9C301AE77A8C00103C12 /* KxGridMenu.h */,
				F90E9C321AE77A8C00103C12 /* KxGridMenu.m */,
			);
			path = KxGridMenu;
			sourceTree = "<group>";
		};
		F90E9C4C1AE77AD500103C12 /* Demo */ = {
			isa = PBXGroup;
			children = (
				F90E9C511AE77AD500103C12 /* AppDelegate.h */,
				F90E9C521AE77AD500103C12 /* AppDelegate.m */,
				F90E9C541AE77AD500103C12 /* ViewController.h */,
				F90E9C551AE77AD500103C12 /* ViewController.m */,
				F90E9C5A1AE77AD500103C12 /* Images.xcassets */,
				F90E9C5C1AE77AD500103C12 /* LaunchScreen.xib */,
				F90E9C4D1AE77AD500103C12 /* Supporting Files */,
			);
			path = Demo;
			sourceTree = "<group>";
		};
		F90E9C4D1AE77AD500103C12 /* Supporting Files */ = {
			isa = PBXGroup;
			children = (
				F90E9C4E1AE77AD500103C12 /* Info.plist */,
				F90E9C4F1AE77AD500103C12 /* main.m */,
			);
			name = "Supporting Files";
			sourceTree = "<group>";
		};
/* End PBXGroup section */

/* Begin PBXNativeTarget section */
		F90E9C4A1AE77AD500103C12 /* Demo */ = {
			isa = PBXNativeTarget;
			buildConfigurationList = F90E9C6B1AE77AD500103C12 /* Build configuration list for PBXNativeTarget "Demo" */;
			buildPhases = (
				F90E9C471AE77AD500103C12 /* Sources */,
				F90E9C481AE77AD500103C12 /* Frameworks */,
				F90E9C491AE77AD500103C12 /* Resources */,
			);
			buildRules = (
			);
			dependencies = (
			);
			name = Demo;
			productName = Demo;
			productReference = F90E9C4B1AE77AD500103C12 /* Demo.app */;
			productType = "com.apple.product-type.application";
		};
/* End PBXNativeTarget section */

/* Begin PBXProject section */
		F90E9C251AE77A8C00103C12 /* Project object */ = {
			isa = PBXProject;
			attributes = {
				LastUpgradeCheck = 0630;
				ORGANIZATIONNAME = "Konstantin Bukreev";
				TargetAttributes = {
					F90E9C4A1AE77AD500103C12 = {
						CreatedOnToolsVersion = 6.3;
					};
				};
			};
			buildConfigurationList = F90E9C281AE77A8C00103C12 /* Build configuration list for PBXProject "KxGridMenu" */;
			compatibilityVersion = "Xcode 3.2";
			developmentRegion = English;
			hasScannedForEncodings = 0;
			knownRegions = (
				en,
				Base,
			);
			mainGroup = F90E9C241AE77A8C00103C12;
			productRefGroup = F90E9C2E1AE77A8C00103C12 /* Products */;
			projectDirPath = "";
			projectRoot = "";
			targets = (
				F90E9C4A1AE77AD500103C12 /* Demo */,
			);
		};
/* End PBXProject section */

/* Begin PBXResourcesBuildPhase section */
		F90E9C491AE77AD500103C12 /* Resources */ = {
			isa = PBXResourcesBuildPhase;
			buildActionMask = 2147483647;
			files = (
				F90E9C5E1AE77AD500103C12 /* LaunchScreen.xib in Resources */,
				F90E9C5B1AE77AD500103C12 /* Images.xcassets in Resources */,
			);
			runOnlyForDeploymentPostprocessing = 0;
		};
/* End PBXResourcesBuildPhase section */

/* Begin PBXSourcesBuildPhase section */
		F90E9C471AE77AD500103C12 /* Sources */ = {
			isa = PBXSourcesBuildPhase;
			buildActionMask = 2147483647;
			files = (
				F90E9C561AE77AD500103C12 /* ViewController.m in Sources */,
				F90E9C741AE77B8800103C12 /* KxGridMenu.m in Sources */,
				F90E9C531AE77AD500103C12 /* AppDelegate.m in Sources */,
				F90E9C501AE77AD500103C12 /* main.m in Sources */,
			);
			runOnlyForDeploymentPostprocessing = 0;
		};
/* End PBXSourcesBuildPhase section */

/* Begin PBXVariantGroup section */
		F90E9C5C1AE77AD500103C12 /* LaunchScreen.xib */ = {
			isa = PBXVariantGroup;
			children = (
				F90E9C5D1AE77AD500103C12 /* Base */,
			);
			name = LaunchScreen.xib;
			sourceTree = "<group>";
		};
/* End PBXVariantGroup section */

/* Begin XCBuildConfiguration section */
		F90E9C3F1AE77A8C00103C12 /* Debug */ = {
			isa = XCBuildConfiguration;
			buildSettings = {
				ALWAYS_SEARCH_USER_PATHS = NO;
				CLANG_CXX_LANGUAGE_STANDARD = "gnu++0x";
				CLANG_CXX_LIBRARY = "libc++";
				CLANG_ENABLE_MODULES = YES;
				CLANG_ENABLE_OBJC_ARC = YES;
				CLANG_WARN_BOOL_CONVERSION = YES;
				CLANG_WARN_CONSTANT_CONVERSION = YES;
				CLANG_WARN_DIRECT_OBJC_ISA_USAGE = YES_ERROR;
				CLANG_WARN_EMPTY_BODY = YES;
				CLANG_WARN_ENUM_CONVERSION = YES;
				CLANG_WARN_INT_CONVERSION = YES;
				CLANG_WARN_OBJC_ROOT_CLASS = YES_ERROR;
				CLANG_WARN_UNREACHABLE_CODE = YES;
				CLANG_WARN__DUPLICATE_METHOD_MATCH = YES;
				COPY_PHASE_STRIP = NO;
				DEBUG_INFORMATION_FORMAT = "dwarf-with-dsym";
				ENABLE_STRICT_OBJC_MSGSEND = YES;
				GCC_C_LANGUAGE_STANDARD = gnu99;
				GCC_DYNAMIC_NO_PIC = NO;
				GCC_NO_COMMON_BLOCKS = YES;
				GCC_OPTIMIZATION_LEVEL = 0;
				GCC_PREPROCESSOR_DEFINITIONS = (
					"DEBUG=1",
					"$(inherited)",
				);
				GCC_SYMBOLS_PRIVATE_EXTERN = NO;
				GCC_WARN_64_TO_32_BIT_CONVERSION = YES;
				GCC_WARN_ABOUT_RETURN_TYPE = YES_ERROR;
				GCC_WARN_UNDECLARED_SELECTOR = YES;
				GCC_WARN_UNINITIALIZED_AUTOS = YES_AGGRESSIVE;
				GCC_WARN_UNUSED_FUNCTION = YES;
				GCC_WARN_UNUSED_VARIABLE = YES;
				IPHONEOS_DEPLOYMENT_TARGET = 8.3;
				MTL_ENABLE_DEBUG_INFO = YES;
				ONLY_ACTIVE_ARCH = YES;
				SDKROOT = iphoneos;
			};
			name = Debug;
		};
		F90E9C401AE77A8C00103C12 /* Release */ = {
			isa = XCBuildConfiguration;
			buildSettings = {
				ALWAYS_SEARCH_USER_PATHS = NO;
				CLANG_CXX_LANGUAGE_STANDARD = "gnu++0x";
				CLANG_CXX_LIBRARY = "libc++";
				CLANG_ENABLE_MODULES = YES;
				CLANG_ENABLE_OBJC_ARC = YES;
				CLANG_WARN_BOOL_CONVERSION = YES;
				CLANG_WARN_CONSTANT_CONVERSION = YES;
				CLANG_WARN_DIRECT_OBJC_ISA_USAGE = YES_ERROR;
				CLANG_WARN_EMPTY_BODY = YES;
				CLANG_WARN_ENUM_CONVERSION = YES;
				CLANG_WARN_INT_CONVERSION = YES;
				CLANG_WARN_OBJC_ROOT_CLASS = YES_ERROR;
				CLANG_WARN_UNREACHABLE_CODE = YES;
				CLANG_WARN__DUPLICATE_METHOD_MATCH = YES;
				COPY_PHASE_STRIP = NO;
				DEBUG_INFORMATION_FORMAT = "dwarf-with-dsym";
				ENABLE_NS_ASSERTIONS = NO;
				ENABLE_STRICT_OBJC_MSGSEND = YES;
				GCC_C_LANGUAGE_STANDARD = gnu99;
				GCC_NO_COMMON_BLOCKS = YES;
				GCC_WARN_64_TO_32_BIT_CONVERSION = YES;
				GCC_WARN_ABOUT_RETURN_TYPE = YES_ERROR;
				GCC_WARN_UNDECLARED_SELECTOR = YES;
				GCC_WARN_UNINITIALIZED_AUTOS = YES_AGGRESSIVE;
				GCC_WARN_UNUSED_FUNCTION = YES;
				GCC_WARN_UNUSED_VARIABLE = YES;
				IPHONEOS_DEPLOYMENT_TARGET = 8.3;
				MTL_ENABLE_DEBUG_INFO = NO;
				SDKROOT = iphoneos;
				VALIDATE_PRODUCT = YES;
			};
			name = Release;
		};
		F90E9C6C1AE77AD500103C12 /* Debug */ = {
			isa = XCBuildConfiguration;
			buildSettings = {
				ASSETCATALOG_COMPILER_APPICON_NAME = AppIcon;
				"CODE_SIGN_IDENTITY[sdk=iphoneos*]" = "iPhone Developer";
				GCC_PREPROCESSOR_DEFINITIONS = (
					"DEBUG=1",
					"$(inherited)",
				);
				INFOPLIST_FILE = Demo/Info.plist;
				LD_RUNPATH_SEARCH_PATHS = "$(inherited) @executable_path/Frameworks";
				PRODUCT_NAME = "$(TARGET_NAME)";
				TARGETED_DEVICE_FAMILY = "1,2";
			};
			name = Debug;
		};
		F90E9C6D1AE77AD500103C12 /* Release */ = {
			isa = XCBuildConfiguration;
			buildSettings = {
				ASSETCATALOG_COMPILER_APPICON_NAME = AppIcon;
				"CODE_SIGN_IDENTITY[sdk=iphoneos*]" = "iPhone Developer";
				INFOPLIST_FILE = Demo/Info.plist;
				LD_RUNPATH_SEARCH_PATHS = "$(inherited) @executable_path/Frameworks";
				PRODUCT_NAME = "$(TARGET_NAME)";
				TARGETED_DEVICE_FAMILY = "1,2";
			};
			name = Release;
		};
/* End XCBuildConfiguration section */

/* Begin XCConfigurationList section */
		F90E9C281AE77A8C00103C12 /* Build configuration list for PBXProject "KxGridMenu" */ = {
			isa = XCConfigurationList;
			buildConfigurations = (
				F90E9C3F1AE77A8C00103C12 /* Debug */,
				F90E9C401AE77A8C00103C12 /* Release */,
			);
			defaultConfigurationIsVisible = 0;
			defaultConfigurationName = Release;
		};
		F90E9C6B1AE77AD500103C12 /* Build configuration list for PBXNativeTarget "Demo" */ = {
			isa = XCConfigurationList;
			buildConfigurations = (
				F90E9C6C1AE77AD500103C12 /* Debug */,
				F90E9C6D1AE77AD500103C12 /* Release */,
			);
			defaultConfigurationIsVisible = 0;
		};
/* End XCConfigurationList section */
	};
	rootObject = F90E9C251AE77A8C00103C12 /* Project object */;
}
